
Microsoft Visual Studio Solution File, Format Version 12.00
# Visual Studio Version 16
VisualStudioVersion = 16.0.29609.76
MinimumVisualStudioVersion = 10.0.40219.1
Project("{FAE04EC0-301F-11D3-BF4B-00C04F79EFBC}") = "LCPrintInOrder", "LCPrintInOrder\LCPrintInOrder.csproj", "{BC0858DA-FD12-489A-9D3E-41AA61C85D6E}"
EndProject
Global
	GlobalSection(SolutionConfigurationPlatforms) = preSolution
		Debug|Any CPU = Debug|Any CPU
		Release|Any CPU = Release|Any CPU
	EndGlobalSection
	GlobalSection(ProjectConfigurationPlatforms) = postSolution
		{BC0858DA-FD12-489A-9D3E-41AA61C85D6E}.Debug|Any CPU.ActiveCfg = Debug|Any CPU
		{BC0858DA-FD12-489A-9D3E-41AA61C85D6E}.Debug|Any CPU.Build.0 = Debug|Any CPU
		{BC0858DA-FD12-489A-9D3E-41AA61C85D6E}.Release|Any CPU.ActiveCfg = Release|Any CPU
		{BC0858DA-FD12-489A-9D3E-41AA61C85D6E}.Release|Any CPU.Build.0 = Release|Any CPU
	EndGlobalSection
	GlobalSection(SolutionProperties) = preSolution
		HideSolutionNode = FALSE
	EndGlobalSection
	GlobalSection(ExtensibilityGlobals) = postSolution
		SolutionGuid = {16173842-8F60-464F-9AF3-4E8B56F4B061}
	EndGlobalSection
EndGlobal
